
Microsoft Visual Studio Solution File, Format Version 12.00
# Visual Studio Version 17
VisualStudioVersion = 17.7.34031.279
MinimumVisualStudioVersion = 10.0.40219.1
Project("{9A19103F-16F7-4668-BE54-9A1E7A4F7556}") = "Movies.PL.APIs", "Movies.APIs\Movies.PL.APIs.csproj", "{47320658-2BFA-4EFC-A513-0D203ABF3D78}"
EndProject
Project("{9A19103F-16F7-4668-BE54-9A1E7A4F7556}") = "Movies.DAL", "Movies.DAL\Movies.DAL.csproj", "{BBECE20B-D1B0-4E23-8C31-E3C8148EAB68}"
EndProject
Project("{9A19103F-16F7-4668-BE54-9A1E7A4F7556}") = "Movies.BAL", "Movies.BAL\Movies.BAL.csproj", "{274D8B95-2744-4DED-ADDE-55053279C48C}"
EndProject
Global
	GlobalSection(SolutionConfigurationPlatforms) = preSolution
		Debug|Any CPU = Debug|Any CPU
		Release|Any CPU = Release|Any CPU
	EndGlobalSection
	GlobalSection(ProjectConfigurationPlatforms) = postSolution
		{47320658-2BFA-4EFC-A513-0D203ABF3D78}.Debug|Any CPU.ActiveCfg = Debug|Any CPU
		{47320658-2BFA-4EFC-A513-0D203ABF3D78}.Debug|Any CPU.Build.0 = Debug|Any CPU
		{47320658-2BFA-4EFC-A513-0D203ABF3D78}.Release|Any CPU.ActiveCfg = Release|Any CPU
		{47320658-2BFA-4EFC-A513-0D203ABF3D78}.Release|Any CPU.Build.0 = Release|Any CPU
		{BBECE20B-D1B0-4E23-8C31-E3C8148EAB68}.Debug|Any CPU.ActiveCfg = Debug|Any CPU
		{BBECE20B-D1B0-4E23-8C31-E3C8148EAB68}.Debug|Any CPU.Build.0 = Debug|Any CPU
		{BBECE20B-D1B0-4E23-8C31-E3C8148EAB68}.Release|Any CPU.ActiveCfg = Release|Any CPU
		{BBECE20B-D1B0-4E23-8C31-E3C8148EAB68}.Release|Any CPU.Build.0 = Release|Any CPU
		{274D8B95-2744-4DED-ADDE-55053279C48C}.Debug|Any CPU.ActiveCfg = Debug|Any CPU
		{274D8B95-2744-4DED-ADDE-55053279C48C}.Debug|Any CPU.Build.0 = Debug|Any CPU
		{274D8B95-2744-4DED-ADDE-55053279C48C}.Release|Any CPU.ActiveCfg = Release|Any CPU
		{274D8B95-2744-4DED-ADDE-55053279C48C}.Release|Any CPU.Build.0 = Release|Any CPU
	EndGlobalSection
	GlobalSection(SolutionProperties) = preSolution
		HideSolutionNode = FALSE
	EndGlobalSection
	GlobalSection(ExtensibilityGlobals) = postSolution
		SolutionGuid = {2DB94854-C032-4C40-884E-5AF7D6734A70}
	EndGlobalSection
EndGlobal
